// !$*UTF8*$!
{
	archiveVersion = 1;
	classes = {
	};
	objectVersion = 50;
	objects = {

/* Begin PBXBuildFile section */
		2B01C86924FB814C00E86449 /* DenrimApp.swift in Sources */ = {isa = PBXBuildFile; fileRef = 2B01C85524FB814900E86449 /* DenrimApp.swift */; };
		2B01C86A24FB814C00E86449 /* DenrimApp.swift in Sources */ = {isa = PBXBuildFile; fileRef = 2B01C85524FB814900E86449 /* DenrimApp.swift */; };
		2B01C86B24FB814C00E86449 /* DenrimDocument.swift in Sources */ = {isa = PBXBuildFile; fileRef = 2B01C85624FB814900E86449 /* DenrimDocument.swift */; };
		2B01C86C24FB814C00E86449 /* DenrimDocument.swift in Sources */ = {isa = PBXBuildFile; fileRef = 2B01C85624FB814900E86449 /* DenrimDocument.swift */; };
		2B01C86D24FB814C00E86449 /* ContentView.swift in Sources */ = {isa = PBXBuildFile; fileRef = 2B01C85724FB814900E86449 /* ContentView.swift */; };
		2B01C86E24FB814C00E86449 /* ContentView.swift in Sources */ = {isa = PBXBuildFile; fileRef = 2B01C85724FB814900E86449 /* ContentView.swift */; };
		2B01C86F24FB814C00E86449 /* Assets.xcassets in Resources */ = {isa = PBXBuildFile; fileRef = 2B01C85824FB814C00E86449 /* Assets.xcassets */; };
		2B01C87024FB814C00E86449 /* Assets.xcassets in Resources */ = {isa = PBXBuildFile; fileRef = 2B01C85824FB814C00E86449 /* Assets.xcassets */; };
/* End PBXBuildFile section */

/* Begin PBXFileReference section */
		2B01C85524FB814900E86449 /* DenrimApp.swift */ = {isa = PBXFileReference; lastKnownFileType = sourcecode.swift; path = DenrimApp.swift; sourceTree = "<group>"; };
		2B01C85624FB814900E86449 /* DenrimDocument.swift */ = {isa = PBXFileReference; lastKnownFileType = sourcecode.swift; path = DenrimDocument.swift; sourceTree = "<group>"; };
		2B01C85724FB814900E86449 /* ContentView.swift */ = {isa = PBXFileReference; lastKnownFileType = sourcecode.swift; path = ContentView.swift; sourceTree = "<group>"; };
		2B01C85824FB814C00E86449 /* Assets.xcassets */ = {isa = PBXFileReference; lastKnownFileType = folder.assetcatalog; path = Assets.xcassets; sourceTree = "<group>"; };
		2B01C85D24FB814C00E86449 /* Denrim.app */ = {isa = PBXFileReference; explicitFileType = wrapper.application; includeInIndex = 0; path = Denrim.app; sourceTree = BUILT_PRODUCTS_DIR; };
		2B01C86024FB814C00E86449 /* Info.plist */ = {isa = PBXFileReference; lastKnownFileType = text.plist.xml; path = Info.plist; sourceTree = "<group>"; };
		2B01C86524FB814C00E86449 /* Denrim.app */ = {isa = PBXFileReference; explicitFileType = wrapper.application; includeInIndex = 0; path = Denrim.app; sourceTree = BUILT_PRODUCTS_DIR; };
		2B01C86724FB814C00E86449 /* Info.plist */ = {isa = PBXFileReference; lastKnownFileType = text.plist.xml; path = Info.plist; sourceTree = "<group>"; };
		2B01C86824FB814C00E86449 /* macOS.entitlements */ = {isa = PBXFileReference; lastKnownFileType = text.plist.entitlements; path = macOS.entitlements; sourceTree = "<group>"; };
/* End PBXFileReference section */

/* Begin PBXFrameworksBuildPhase section */
		2B01C85A24FB814C00E86449 /* Frameworks */ = {
			isa = PBXFrameworksBuildPhase;
			buildActionMask = 2147483647;
			files = (
			);
			runOnlyForDeploymentPostprocessing = 0;
		};
		2B01C86224FB814C00E86449 /* Frameworks */ = {
			isa = PBXFrameworksBuildPhase;
			buildActionMask = 2147483647;
			files = (
			);
			runOnlyForDeploymentPostprocessing = 0;
		};
/* End PBXFrameworksBuildPhase section */

/* Begin PBXGroup section */
		2B01C84F24FB814900E86449 = {
			isa = PBXGroup;
			children = (
				2B01C85424FB814900E86449 /* Shared */,
				2B01C85F24FB814C00E86449 /* iOS */,
				2B01C86624FB814C00E86449 /* macOS */,
				2B01C85E24FB814C00E86449 /* Products */,
			);
			sourceTree = "<group>";
		};
		2B01C85424FB814900E86449 /* Shared */ = {
			isa = PBXGroup;
			children = (
				2B01C85524FB814900E86449 /* DenrimApp.swift */,
				2B01C85624FB814900E86449 /* DenrimDocument.swift */,
				2B01C85724FB814900E86449 /* ContentView.swift */,
				2B01C85824FB814C00E86449 /* Assets.xcassets */,
			);
			path = Shared;
			sourceTree = "<group>";
		};
		2B01C85E24FB814C00E86449 /* Products */ = {
			isa = PBXGroup;
			children = (
				2B01C85D24FB814C00E86449 /* Denrim.app */,
				2B01C86524FB814C00E86449 /* Denrim.app */,
			);
			name = Products;
			sourceTree = "<group>";
		};
		2B01C85F24FB814C00E86449 /* iOS */ = {
			isa = PBXGroup;
			children = (
				2B01C86024FB814C00E86449 /* Info.plist */,
			);
			path = iOS;
			sourceTree = "<group>";
		};
		2B01C86624FB814C00E86449 /* macOS */ = {
			isa = PBXGroup;
			children = (
				2B01C86724FB814C00E86449 /* Info.plist */,
				2B01C86824FB814C00E86449 /* macOS.entitlements */,
			);
			path = macOS;
			sourceTree = "<group>";
		};
/* End PBXGroup section */

/* Begin PBXNativeTarget section */
		2B01C85C24FB814C00E86449 /* Denrim (iOS) */ = {
			isa = PBXNativeTarget;
			buildConfigurationList = 2B01C87324FB814C00E86449 /* Build configuration list for PBXNativeTarget "Denrim (iOS)" */;
			buildPhases = (
				2B01C85924FB814C00E86449 /* Sources */,
				2B01C85A24FB814C00E86449 /* Frameworks */,
				2B01C85B24FB814C00E86449 /* Resources */,
			);
			buildRules = (
			);
			dependencies = (
			);
			name = "Denrim (iOS)";
			productName = "Denrim (iOS)";
			productReference = 2B01C85D24FB814C00E86449 /* Denrim.app */;
			productType = "com.apple.product-type.application";
		};
		2B01C86424FB814C00E86449 /* Denrim (macOS) */ = {
			isa = PBXNativeTarget;
			buildConfigurationList = 2B01C87624FB814C00E86449 /* Build configuration list for PBXNativeTarget "Denrim (macOS)" */;
			buildPhases = (
				2B01C86124FB814C00E86449 /* Sources */,
				2B01C86224FB814C00E86449 /* Frameworks */,
				2B01C86324FB814C00E86449 /* Resources */,
			);
			buildRules = (
			);
			dependencies = (
			);
			name = "Denrim (macOS)";
			productName = "Denrim (macOS)";
			productReference = 2B01C86524FB814C00E86449 /* Denrim.app */;
			productType = "com.apple.product-type.application";
		};
/* End PBXNativeTarget section */

/* Begin PBXProject section */
		2B01C85024FB814900E86449 /* Project object */ = {
			isa = PBXProject;
			attributes = {
				LastSwiftUpdateCheck = 1200;
				LastUpgradeCheck = 1200;
				TargetAttributes = {
					2B01C85C24FB814C00E86449 = {
						CreatedOnToolsVersion = 12.0;
					};
					2B01C86424FB814C00E86449 = {
						CreatedOnToolsVersion = 12.0;
					};
				};
			};
			buildConfigurationList = 2B01C85324FB814900E86449 /* Build configuration list for PBXProject "Denrim" */;
			compatibilityVersion = "Xcode 9.3";
			developmentRegion = en;
			hasScannedForEncodings = 0;
			knownRegions = (
				en,
				Base,
			);
			mainGroup = 2B01C84F24FB814900E86449;
			productRefGroup = 2B01C85E24FB814C00E86449 /* Products */;
			projectDirPath = "";
			projectRoot = "";
			targets = (
				2B01C85C24FB814C00E86449 /* Denrim (iOS) */,
				2B01C86424FB814C00E86449 /* Denrim (macOS) */,
			);
		};
/* End PBXProject section */

/* Begin PBXResourcesBuildPhase section */
		2B01C85B24FB814C00E86449 /* Resources */ = {
			isa = PBXResourcesBuildPhase;
			buildActionMask = 2147483647;
			files = (
				2B01C86F24FB814C00E86449 /* Assets.xcassets in Resources */,
			);
			runOnlyForDeploymentPostprocessing = 0;
		};
		2B01C86324FB814C00E86449 /* Resources */ = {
			isa = PBXResourcesBuildPhase;
			buildActionMask = 2147483647;
			files = (
				2B01C87024FB814C00E86449 /* Assets.xcassets in Resources */,
			);
			runOnlyForDeploymentPostprocessing = 0;
		};
/* End PBXResourcesBuildPhase section */

/* Begin PBXSourcesBuildPhase section */
		2B01C85924FB814C00E86449 /* Sources */ = {
			isa = PBXSourcesBuildPhase;
			buildActionMask = 2147483647;
			files = (
				2B01C86924FB814C00E86449 /* DenrimApp.swift in Sources */,
				2B01C86B24FB814C00E86449 /* DenrimDocument.swift in Sources */,
				2B01C86D24FB814C00E86449 /* ContentView.swift in Sources */,
			);
			runOnlyForDeploymentPostprocessing = 0;
		};
		2B01C86124FB814C00E86449 /* Sources */ = {
			isa = PBXSourcesBuildPhase;
			buildActionMask = 2147483647;
			files = (
				2B01C86A24FB814C00E86449 /* DenrimApp.swift in Sources */,
				2B01C86C24FB814C00E86449 /* DenrimDocument.swift in Sources */,
				2B01C86E24FB814C00E86449 /* ContentView.swift in Sources */,
			);
			runOnlyForDeploymentPostprocessing = 0;
		};
/* End PBXSourcesBuildPhase section */

/* Begin XCBuildConfiguration section */
		2B01C87124FB814C00E86449 /* Debug */ = {
			isa = XCBuildConfiguration;
			buildSettings = {
				ALWAYS_SEARCH_USER_PATHS = NO;
				CLANG_ANALYZER_NONNULL = YES;
				CLANG_ANALYZER_NUMBER_OBJECT_CONVERSION = YES_AGGRESSIVE;
				CLANG_CXX_LANGUAGE_STANDARD = "gnu++14";
				CLANG_CXX_LIBRARY = "libc++";
				CLANG_ENABLE_MODULES = YES;
				CLANG_ENABLE_OBJC_ARC = YES;
				CLANG_ENABLE_OBJC_WEAK = YES;
				CLANG_WARN_BLOCK_CAPTURE_AUTORELEASING = YES;
				CLANG_WARN_BOOL_CONVERSION = YES;
				CLANG_WARN_COMMA = YES;
				CLANG_WARN_CONSTANT_CONVERSION = YES;
				CLANG_WARN_DEPRECATED_OBJC_IMPLEMENTATIONS = YES;
				CLANG_WARN_DIRECT_OBJC_ISA_USAGE = YES_ERROR;
				CLANG_WARN_DOCUMENTATION_COMMENTS = YES;
				CLANG_WARN_EMPTY_BODY = YES;
				CLANG_WARN_ENUM_CONVERSION = YES;
				CLANG_WARN_INFINITE_RECURSION = YES;
				CLANG_WARN_INT_CONVERSION = YES;
				CLANG_WARN_NON_LITERAL_NULL_CONVERSION = YES;
				CLANG_WARN_OBJC_IMPLICIT_RETAIN_SELF = YES;
				CLANG_WARN_OBJC_LITERAL_CONVERSION = YES;
				CLANG_WARN_OBJC_ROOT_CLASS = YES_ERROR;
				CLANG_WARN_QUOTED_INCLUDE_IN_FRAMEWORK_HEADER = YES;
				CLANG_WARN_RANGE_LOOP_ANALYSIS = YES;
				CLANG_WARN_STRICT_PROTOTYPES = YES;
				CLANG_WARN_SUSPICIOUS_MOVE = YES;
				CLANG_WARN_UNGUARDED_AVAILABILITY = YES_AGGRESSIVE;
				CLANG_WARN_UNREACHABLE_CODE = YES;
				CLANG_WARN__DUPLICATE_METHOD_MATCH = YES;
				COPY_PHASE_STRIP = NO;
				DEBUG_INFORMATION_FORMAT = dwarf;
				ENABLE_STRICT_OBJC_MSGSEND = YES;
				ENABLE_TESTABILITY = YES;
				GCC_C_LANGUAGE_STANDARD = gnu11;
				GCC_DYNAMIC_NO_PIC = NO;
				GCC_NO_COMMON_BLOCKS = YES;
				GCC_OPTIMIZATION_LEVEL = 0;
				GCC_PREPROCESSOR_DEFINITIONS = (
					"DEBUG=1",
					"$(inherited)",
				);
				GCC_WARN_64_TO_32_BIT_CONVERSION = YES;
				GCC_WARN_ABOUT_RETURN_TYPE = YES_ERROR;
				GCC_WARN_UNDECLARED_SELECTOR = YES;
				GCC_WARN_UNINITIALIZED_AUTOS = YES_AGGRESSIVE;
				GCC_WARN_UNUSED_FUNCTION = YES;
				GCC_WARN_UNUSED_VARIABLE = YES;
				MTL_ENABLE_DEBUG_INFO = INCLUDE_SOURCE;
				MTL_FAST_MATH = YES;
				ONLY_ACTIVE_ARCH = YES;
				SWIFT_ACTIVE_COMPILATION_CONDITIONS = DEBUG;
				SWIFT_OPTIMIZATION_LEVEL = "-Onone";
			};
			name = Debug;
		};
		2B01C87224FB814C00E86449 /* Release */ = {
			isa = XCBuildConfiguration;
			buildSettings = {
				ALWAYS_SEARCH_USER_PATHS = NO;
				CLANG_ANALYZER_NONNULL = YES;
				CLANG_ANALYZER_NUMBER_OBJECT_CONVERSION = YES_AGGRESSIVE;
				CLANG_CXX_LANGUAGE_STANDARD = "gnu++14";
				CLANG_CXX_LIBRARY = "libc++";
				CLANG_ENABLE_MODULES = YES;
				CLANG_ENABLE_OBJC_ARC = YES;
				CLANG_ENABLE_OBJC_WEAK = YES;
				CLANG_WARN_BLOCK_CAPTURE_AUTORELEASING = YES;
				CLANG_WARN_BOOL_CONVERSION = YES;
				CLANG_WARN_COMMA = YES;
				CLANG_WARN_CONSTANT_CONVERSION = YES;
				CLANG_WARN_DEPRECATED_OBJC_IMPLEMENTATIONS = YES;
				CLANG_WARN_DIRECT_OBJC_ISA_USAGE = YES_ERROR;
				CLANG_WARN_DOCUMENTATION_COMMENTS = YES;
				CLANG_WARN_EMPTY_BODY = YES;
				CLANG_WARN_ENUM_CONVERSION = YES;
				CLANG_WARN_INFINITE_RECURSION = YES;
				CLANG_WARN_INT_CONVERSION = YES;
				CLANG_WARN_NON_LITERAL_NULL_CONVERSION = YES;
				CLANG_WARN_OBJC_IMPLICIT_RETAIN_SELF = YES;
				CLANG_WARN_OBJC_LITERAL_CONVERSION = YES;
				CLANG_WARN_OBJC_ROOT_CLASS = YES_ERROR;
				CLANG_WARN_QUOTED_INCLUDE_IN_FRAMEWORK_HEADER = YES;
				CLANG_WARN_RANGE_LOOP_ANALYSIS = YES;
				CLANG_WARN_STRICT_PROTOTYPES = YES;
				CLANG_WARN_SUSPICIOUS_MOVE = YES;
				CLANG_WARN_UNGUARDED_AVAILABILITY = YES_AGGRESSIVE;
				CLANG_WARN_UNREACHABLE_CODE = YES;
				CLANG_WARN__DUPLICATE_METHOD_MATCH = YES;
				COPY_PHASE_STRIP = NO;
				DEBUG_INFORMATION_FORMAT = "dwarf-with-dsym";
				ENABLE_NS_ASSERTIONS = NO;
				ENABLE_STRICT_OBJC_MSGSEND = YES;
				GCC_C_LANGUAGE_STANDARD = gnu11;
				GCC_NO_COMMON_BLOCKS = YES;
				GCC_WARN_64_TO_32_BIT_CONVERSION = YES;
				GCC_WARN_ABOUT_RETURN_TYPE = YES_ERROR;
				GCC_WARN_UNDECLARED_SELECTOR = YES;
				GCC_WARN_UNINITIALIZED_AUTOS = YES_AGGRESSIVE;
				GCC_WARN_UNUSED_FUNCTION = YES;
				GCC_WARN_UNUSED_VARIABLE = YES;
				MTL_ENABLE_DEBUG_INFO = NO;
				MTL_FAST_MATH = YES;
				SWIFT_COMPILATION_MODE = wholemodule;
				SWIFT_OPTIMIZATION_LEVEL = "-O";
			};
			name = Release;
		};
		2B01C87424FB814C00E86449 /* Debug */ = {
			isa = XCBuildConfiguration;
			buildSettings = {
				ASSETCATALOG_COMPILER_APPICON_NAME = AppIcon;
				ASSETCATALOG_COMPILER_GLOBAL_ACCENT_COLOR_NAME = AccentColor;
				CODE_SIGN_STYLE = Automatic;
				DEVELOPMENT_TEAM = G6R6L3VH62;
				ENABLE_PREVIEWS = YES;
				INFOPLIST_FILE = iOS/Info.plist;
				IPHONEOS_DEPLOYMENT_TARGET = 14.0;
				LD_RUNPATH_SEARCH_PATHS = (
					"$(inherited)",
					"@executable_path/Frameworks",
				);
				PRODUCT_BUNDLE_IDENTIFIER = com.moenig.Denrim;
				PRODUCT_NAME = Denrim;
				SDKROOT = iphoneos;
				SWIFT_VERSION = 5.0;
				TARGETED_DEVICE_FAMILY = "1,2";
			};
			name = Debug;
		};
		2B01C87524FB814C00E86449 /* Release */ = {
			isa = XCBuildConfiguration;
			buildSettings = {
				ASSETCATALOG_COMPILER_APPICON_NAME = AppIcon;
				ASSETCATALOG_COMPILER_GLOBAL_ACCENT_COLOR_NAME = AccentColor;
				CODE_SIGN_STYLE = Automatic;
				DEVELOPMENT_TEAM = G6R6L3VH62;
				ENABLE_PREVIEWS = YES;
				INFOPLIST_FILE = iOS/Info.plist;
				IPHONEOS_DEPLOYMENT_TARGET = 14.0;
				LD_RUNPATH_SEARCH_PATHS = (
					"$(inherited)",
					"@executable_path/Frameworks",
				);
				PRODUCT_BUNDLE_IDENTIFIER = com.moenig.Denrim;
				PRODUCT_NAME = Denrim;
				SDKROOT = iphoneos;
				SWIFT_VERSION = 5.0;
				TARGETED_DEVICE_FAMILY = "1,2";
				VALIDATE_PRODUCT = YES;
			};
			name = Release;
		};
		2B01C87724FB814C00E86449 /* Debug */ = {
			isa = XCBuildConfiguration;
			buildSettings = {
				ASSETCATALOG_COMPILER_APPICON_NAME = AppIcon;
				ASSETCATALOG_COMPILER_GLOBAL_ACCENT_COLOR_NAME = AccentColor;
				CODE_SIGN_ENTITLEMENTS = macOS/macOS.entitlements;
				CODE_SIGN_STYLE = Automatic;
				COMBINE_HIDPI_IMAGES = YES;
				DEVELOPMENT_TEAM = G6R6L3VH62;
				ENABLE_HARDENED_RUNTIME = YES;
				ENABLE_PREVIEWS = YES;
				INFOPLIST_FILE = macOS/Info.plist;
				LD_RUNPATH_SEARCH_PATHS = (
					"$(inherited)",
					"@executable_path/../Frameworks",
				);
				MACOSX_DEPLOYMENT_TARGET = 11.0;
				PRODUCT_BUNDLE_IDENTIFIER = com.moenig.Denrim;
				PRODUCT_NAME = Denrim;
				SDKROOT = macosx;
				SWIFT_VERSION = 5.0;
			};
			name = Debug;
		};
		2B01C87824FB814C00E86449 /* Release */ = {
			isa = XCBuildConfiguration;
			buildSettings = {
				ASSETCATALOG_COMPILER_APPICON_NAME = AppIcon;
				ASSETCATALOG_COMPILER_GLOBAL_ACCENT_COLOR_NAME = AccentColor;
				CODE_SIGN_ENTITLEMENTS = macOS/macOS.entitlements;
				CODE_SIGN_STYLE = Automatic;
				COMBINE_HIDPI_IMAGES = YES;
				DEVELOPMENT_TEAM = G6R6L3VH62;
				ENABLE_HARDENED_RUNTIME = YES;
				ENABLE_PREVIEWS = YES;
				INFOPLIST_FILE = macOS/Info.plist;
				LD_RUNPATH_SEARCH_PATHS = (
					"$(inherited)",
					"@executable_path/../Frameworks",
				);
				MACOSX_DEPLOYMENT_TARGET = 11.0;
				PRODUCT_BUNDLE_IDENTIFIER = com.moenig.Denrim;
				PRODUCT_NAME = Denrim;
				SDKROOT = macosx;
				SWIFT_VERSION = 5.0;
			};
			name = Release;
		};
/* End XCBuildConfiguration section */

/* Begin XCConfigurationList section */
		2B01C85324FB814900E86449 /* Build configuration list for PBXProject "Denrim" */ = {
			isa = XCConfigurationList;
			buildConfigurations = (
				2B01C87124FB814C00E86449 /* Debug */,
				2B01C87224FB814C00E86449 /* Release */,
			);
			defaultConfigurationIsVisible = 0;
			defaultConfigurationName = Release;
		};
		2B01C87324FB814C00E86449 /* Build configuration list for PBXNativeTarget "Denrim (iOS)" */ = {
			isa = XCConfigurationList;
			buildConfigurations = (
				2B01C87424FB814C00E86449 /* Debug */,
				2B01C87524FB814C00E86449 /* Release */,
			);
			defaultConfigurationIsVisible = 0;
			defaultConfigurationName = Release;
		};
		2B01C87624FB814C00E86449 /* Build configuration list for PBXNativeTarget "Denrim (macOS)" */ = {
			isa = XCConfigurationList;
			buildConfigurations = (
				2B01C87724FB814C00E86449 /* Debug */,
				2B01C87824FB814C00E86449 /* Release */,
			);
			defaultConfigurationIsVisible = 0;
			defaultConfigurationName = Release;
		};
/* End XCConfigurationList section */
	};
	rootObject = 2B01C85024FB814900E86449 /* Project object */;
}
