// !$*UTF8*$!
{
	archiveVersion = 1;
	classes = {
	};
	objectVersion = 50;
	objects = {

/* Begin PBXBuildFile section */
		2B01C86924FB814C00E86449 /* DenrimApp.swift in Sources */ = {isa = PBXBuildFile; fileRef = 2B01C85524FB814900E86449 /* DenrimApp.swift */; };
		2B01C86A24FB814C00E86449 /* DenrimApp.swift in Sources */ = {isa = PBXBuildFile; fileRef = 2B01C85524FB814900E86449 /* DenrimApp.swift */; };
		2B01C86B24FB814C00E86449 /* DenrimDocument.swift in Sources */ = {isa = PBXBuildFile; fileRef = 2B01C85624FB814900E86449 /* DenrimDocument.swift */; };
		2B01C86C24FB814C00E86449 /* DenrimDocument.swift in Sources */ = {isa = PBXBuildFile; fileRef = 2B01C85624FB814900E86449 /* DenrimDocument.swift */; };
		2B01C86D24FB814C00E86449 /* ContentView.swift in Sources */ = {isa = PBXBuildFile; fileRef = 2B01C85724FB814900E86449 /* ContentView.swift */; };
		2B01C86E24FB814C00E86449 /* ContentView.swift in Sources */ = {isa = PBXBuildFile; fileRef = 2B01C85724FB814900E86449 /* ContentView.swift */; };
		2B01C86F24FB814C00E86449 /* Assets.xcassets in Resources */ = {isa = PBXBuildFile; fileRef = 2B01C85824FB814C00E86449 /* Assets.xcassets */; };
		2B01C87024FB814C00E86449 /* Assets.xcassets in Resources */ = {isa = PBXBuildFile; fileRef = 2B01C85824FB814C00E86449 /* Assets.xcassets */; };
		2B01C88524FB824A00E86449 /* MathLibrary.swift in Sources */ = {isa = PBXBuildFile; fileRef = 2B01C87924FB824900E86449 /* MathLibrary.swift */; };
		2B01C88624FB824A00E86449 /* MathLibrary.swift in Sources */ = {isa = PBXBuildFile; fileRef = 2B01C87924FB824900E86449 /* MathLibrary.swift */; };
		2B01C88724FB824A00E86449 /* Metal.metal in Sources */ = {isa = PBXBuildFile; fileRef = 2B01C87A24FB824900E86449 /* Metal.metal */; };
		2B01C88824FB824A00E86449 /* Metal.metal in Sources */ = {isa = PBXBuildFile; fileRef = 2B01C87A24FB824900E86449 /* Metal.metal */; };
		2B01C88924FB824A00E86449 /* Texture2D.swift in Sources */ = {isa = PBXBuildFile; fileRef = 2B01C87B24FB824900E86449 /* Texture2D.swift */; };
		2B01C88A24FB824A00E86449 /* Texture2D.swift in Sources */ = {isa = PBXBuildFile; fileRef = 2B01C87B24FB824900E86449 /* Texture2D.swift */; };
		2B01C88B24FB824A00E86449 /* Utils.swift in Sources */ = {isa = PBXBuildFile; fileRef = 2B01C87C24FB824900E86449 /* Utils.swift */; };
		2B01C88C24FB824A00E86449 /* Utils.swift in Sources */ = {isa = PBXBuildFile; fileRef = 2B01C87C24FB824900E86449 /* Utils.swift */; };
		2B01C88D24FB824A00E86449 /* ScriptEditor.swift in Sources */ = {isa = PBXBuildFile; fileRef = 2B01C87D24FB824900E86449 /* ScriptEditor.swift */; };
		2B01C88E24FB824A00E86449 /* ScriptEditor.swift in Sources */ = {isa = PBXBuildFile; fileRef = 2B01C87D24FB824900E86449 /* ScriptEditor.swift */; };
		2B01C88F24FB824A00E86449 /* Game.swift in Sources */ = {isa = PBXBuildFile; fileRef = 2B01C87E24FB824900E86449 /* Game.swift */; };
		2B01C89024FB824A00E86449 /* Game.swift in Sources */ = {isa = PBXBuildFile; fileRef = 2B01C87E24FB824900E86449 /* Game.swift */; };
		2B01C89124FB824A00E86449 /* Asset.swift in Sources */ = {isa = PBXBuildFile; fileRef = 2B01C87F24FB824900E86449 /* Asset.swift */; };
		2B01C89224FB824A00E86449 /* Asset.swift in Sources */ = {isa = PBXBuildFile; fileRef = 2B01C87F24FB824900E86449 /* Asset.swift */; };
		2B01C89324FB824A00E86449 /* JSBridge.swift in Sources */ = {isa = PBXBuildFile; fileRef = 2B01C88024FB824900E86449 /* JSBridge.swift */; };
		2B01C89424FB824A00E86449 /* JSBridge.swift in Sources */ = {isa = PBXBuildFile; fileRef = 2B01C88024FB824900E86449 /* JSBridge.swift */; };
		2B01C89524FB824A00E86449 /* Resources in Resources */ = {isa = PBXBuildFile; fileRef = 2B01C88124FB824A00E86449 /* Resources */; };
		2B01C89624FB824A00E86449 /* Resources in Resources */ = {isa = PBXBuildFile; fileRef = 2B01C88124FB824A00E86449 /* Resources */; };
		2B01C89724FB824A00E86449 /* Classes.swift in Sources */ = {isa = PBXBuildFile; fileRef = 2B01C88324FB824A00E86449 /* Classes.swift */; };
		2B01C89824FB824A00E86449 /* Classes.swift in Sources */ = {isa = PBXBuildFile; fileRef = 2B01C88324FB824A00E86449 /* Classes.swift */; };
		2B01C89924FB824A00E86449 /* System.swift in Sources */ = {isa = PBXBuildFile; fileRef = 2B01C88424FB824A00E86449 /* System.swift */; };
		2B01C89A24FB824A00E86449 /* System.swift in Sources */ = {isa = PBXBuildFile; fileRef = 2B01C88424FB824A00E86449 /* System.swift */; };
		2B01C89C24FB844C00E86449 /* MetalView.swift in Sources */ = {isa = PBXBuildFile; fileRef = 2B01C89B24FB844C00E86449 /* MetalView.swift */; };
		2B01C89D24FB844C00E86449 /* MetalView.swift in Sources */ = {isa = PBXBuildFile; fileRef = 2B01C89B24FB844C00E86449 /* MetalView.swift */; };
		2B01C89F24FB8C7500E86449 /* MetalStates.swift in Sources */ = {isa = PBXBuildFile; fileRef = 2B01C89E24FB8C7500E86449 /* MetalStates.swift */; };
		2B01C8A024FB8C7500E86449 /* MetalStates.swift in Sources */ = {isa = PBXBuildFile; fileRef = 2B01C89E24FB8C7500E86449 /* MetalStates.swift */; };
		2B32992124FE3D02007C3386 /* Shader.swift in Sources */ = {isa = PBXBuildFile; fileRef = 2B32992024FE3D02007C3386 /* Shader.swift */; };
		2B32992224FE3D02007C3386 /* Shader.swift in Sources */ = {isa = PBXBuildFile; fileRef = 2B32992024FE3D02007C3386 /* Shader.swift */; };
		2B32992424FF21EC007C3386 /* ShaderCompiler.swift in Sources */ = {isa = PBXBuildFile; fileRef = 2B32992324FF21EC007C3386 /* ShaderCompiler.swift */; };
		2B32992524FF21EC007C3386 /* ShaderCompiler.swift in Sources */ = {isa = PBXBuildFile; fileRef = 2B32992324FF21EC007C3386 /* ShaderCompiler.swift */; };
		2B32992724FF9344007C3386 /* HelpView.swift in Sources */ = {isa = PBXBuildFile; fileRef = 2B32992624FF91E1007C3386 /* HelpView.swift */; };
		2B32992824FF9345007C3386 /* HelpView.swift in Sources */ = {isa = PBXBuildFile; fileRef = 2B32992624FF91E1007C3386 /* HelpView.swift */; };
		2B3299482501B5DC007C3386 /* Square.tiff in Resources */ = {isa = PBXBuildFile; fileRef = 2B3299402501B5DB007C3386 /* Square.tiff */; };
		2B3299492501B5DC007C3386 /* Square.tiff in Resources */ = {isa = PBXBuildFile; fileRef = 2B3299402501B5DB007C3386 /* Square.tiff */; };
		2B32994A2501B5DC007C3386 /* OpenSans.json in Resources */ = {isa = PBXBuildFile; fileRef = 2B3299412501B5DB007C3386 /* OpenSans.json */; };
		2B32994B2501B5DC007C3386 /* OpenSans.json in Resources */ = {isa = PBXBuildFile; fileRef = 2B3299412501B5DB007C3386 /* OpenSans.json */; };
		2B32994C2501B5DC007C3386 /* SourceCodePro.tiff in Resources */ = {isa = PBXBuildFile; fileRef = 2B3299422501B5DB007C3386 /* SourceCodePro.tiff */; };
		2B32994D2501B5DC007C3386 /* SourceCodePro.tiff in Resources */ = {isa = PBXBuildFile; fileRef = 2B3299422501B5DB007C3386 /* SourceCodePro.tiff */; };
		2B32994E2501B5DC007C3386 /* SourceCodePro.json in Resources */ = {isa = PBXBuildFile; fileRef = 2B3299432501B5DB007C3386 /* SourceCodePro.json */; };
		2B32994F2501B5DC007C3386 /* SourceCodePro.json in Resources */ = {isa = PBXBuildFile; fileRef = 2B3299432501B5DB007C3386 /* SourceCodePro.json */; };
		2B3299502501B5DC007C3386 /* OpenSans.tiff in Resources */ = {isa = PBXBuildFile; fileRef = 2B3299442501B5DC007C3386 /* OpenSans.tiff */; };
		2B3299512501B5DC007C3386 /* OpenSans.tiff in Resources */ = {isa = PBXBuildFile; fileRef = 2B3299442501B5DC007C3386 /* OpenSans.tiff */; };
		2B3299522501B5DC007C3386 /* Square.json in Resources */ = {isa = PBXBuildFile; fileRef = 2B3299452501B5DC007C3386 /* Square.json */; };
		2B3299532501B5DC007C3386 /* Square.json in Resources */ = {isa = PBXBuildFile; fileRef = 2B3299452501B5DC007C3386 /* Square.json */; };
		2B3299592501B6F3007C3386 /* Font.swift in Sources */ = {isa = PBXBuildFile; fileRef = 2B3299582501B6F3007C3386 /* Font.swift */; };
		2B32995A2501B6F3007C3386 /* Font.swift in Sources */ = {isa = PBXBuildFile; fileRef = 2B3299582501B6F3007C3386 /* Font.swift */; };
		2B6D0B5A2509EEE80098F244 /* MapPreview.swift in Sources */ = {isa = PBXBuildFile; fileRef = 2B6D0B592509EEE80098F244 /* MapPreview.swift */; };
		2B6D0B5B2509EEE80098F244 /* MapPreview.swift in Sources */ = {isa = PBXBuildFile; fileRef = 2B6D0B592509EEE80098F244 /* MapPreview.swift */; };
		2BEFCF8F250473B1003C00B0 /* MapBuilder.swift in Sources */ = {isa = PBXBuildFile; fileRef = 2BEFCF8E250473B1003C00B0 /* MapBuilder.swift */; };
		2BEFCF90250473B1003C00B0 /* MapBuilder.swift in Sources */ = {isa = PBXBuildFile; fileRef = 2BEFCF8E250473B1003C00B0 /* MapBuilder.swift */; };
		2BFC028B2505EDA500AB489E /* Map.swift in Sources */ = {isa = PBXBuildFile; fileRef = 2BFC028A2505EDA500AB489E /* Map.swift */; };
		2BFC028C2505EDA500AB489E /* Map.swift in Sources */ = {isa = PBXBuildFile; fileRef = 2BFC028A2505EDA500AB489E /* Map.swift */; };
/* End PBXBuildFile section */

/* Begin PBXFileReference section */
		2B01C85524FB814900E86449 /* DenrimApp.swift */ = {isa = PBXFileReference; lastKnownFileType = sourcecode.swift; path = DenrimApp.swift; sourceTree = "<group>"; };
		2B01C85624FB814900E86449 /* DenrimDocument.swift */ = {isa = PBXFileReference; lastKnownFileType = sourcecode.swift; path = DenrimDocument.swift; sourceTree = "<group>"; };
		2B01C85724FB814900E86449 /* ContentView.swift */ = {isa = PBXFileReference; lastKnownFileType = sourcecode.swift; path = ContentView.swift; sourceTree = "<group>"; };
		2B01C85824FB814C00E86449 /* Assets.xcassets */ = {isa = PBXFileReference; lastKnownFileType = folder.assetcatalog; path = Assets.xcassets; sourceTree = "<group>"; };
		2B01C85D24FB814C00E86449 /* Denrim.app */ = {isa = PBXFileReference; explicitFileType = wrapper.application; includeInIndex = 0; path = Denrim.app; sourceTree = BUILT_PRODUCTS_DIR; };
		2B01C86024FB814C00E86449 /* Info.plist */ = {isa = PBXFileReference; lastKnownFileType = text.plist.xml; path = Info.plist; sourceTree = "<group>"; };
		2B01C86524FB814C00E86449 /* Denrim.app */ = {isa = PBXFileReference; explicitFileType = wrapper.application; includeInIndex = 0; path = Denrim.app; sourceTree = BUILT_PRODUCTS_DIR; };
		2B01C86724FB814C00E86449 /* Info.plist */ = {isa = PBXFileReference; lastKnownFileType = text.plist.xml; path = Info.plist; sourceTree = "<group>"; };
		2B01C86824FB814C00E86449 /* macOS.entitlements */ = {isa = PBXFileReference; lastKnownFileType = text.plist.entitlements; path = macOS.entitlements; sourceTree = "<group>"; };
		2B01C87924FB824900E86449 /* MathLibrary.swift */ = {isa = PBXFileReference; fileEncoding = 4; lastKnownFileType = sourcecode.swift; path = MathLibrary.swift; sourceTree = "<group>"; };
		2B01C87A24FB824900E86449 /* Metal.metal */ = {isa = PBXFileReference; fileEncoding = 4; lastKnownFileType = sourcecode.metal; path = Metal.metal; sourceTree = "<group>"; };
		2B01C87B24FB824900E86449 /* Texture2D.swift */ = {isa = PBXFileReference; fileEncoding = 4; lastKnownFileType = sourcecode.swift; path = Texture2D.swift; sourceTree = "<group>"; };
		2B01C87C24FB824900E86449 /* Utils.swift */ = {isa = PBXFileReference; fileEncoding = 4; lastKnownFileType = sourcecode.swift; path = Utils.swift; sourceTree = "<group>"; };
		2B01C87D24FB824900E86449 /* ScriptEditor.swift */ = {isa = PBXFileReference; fileEncoding = 4; lastKnownFileType = sourcecode.swift; path = ScriptEditor.swift; sourceTree = "<group>"; };
		2B01C87E24FB824900E86449 /* Game.swift */ = {isa = PBXFileReference; fileEncoding = 4; lastKnownFileType = sourcecode.swift; path = Game.swift; sourceTree = "<group>"; };
		2B01C87F24FB824900E86449 /* Asset.swift */ = {isa = PBXFileReference; fileEncoding = 4; lastKnownFileType = sourcecode.swift; path = Asset.swift; sourceTree = "<group>"; };
		2B01C88024FB824900E86449 /* JSBridge.swift */ = {isa = PBXFileReference; fileEncoding = 4; lastKnownFileType = sourcecode.swift; path = JSBridge.swift; sourceTree = "<group>"; };
		2B01C88124FB824A00E86449 /* Resources */ = {isa = PBXFileReference; lastKnownFileType = folder; path = Resources; sourceTree = "<group>"; };
		2B01C88224FB824A00E86449 /* Metal.h */ = {isa = PBXFileReference; fileEncoding = 4; lastKnownFileType = sourcecode.c.h; path = Metal.h; sourceTree = "<group>"; };
		2B01C88324FB824A00E86449 /* Classes.swift */ = {isa = PBXFileReference; fileEncoding = 4; lastKnownFileType = sourcecode.swift; path = Classes.swift; sourceTree = "<group>"; };
		2B01C88424FB824A00E86449 /* System.swift */ = {isa = PBXFileReference; fileEncoding = 4; lastKnownFileType = sourcecode.swift; path = System.swift; sourceTree = "<group>"; };
		2B01C89B24FB844C00E86449 /* MetalView.swift */ = {isa = PBXFileReference; lastKnownFileType = sourcecode.swift; path = MetalView.swift; sourceTree = "<group>"; };
		2B01C89E24FB8C7500E86449 /* MetalStates.swift */ = {isa = PBXFileReference; lastKnownFileType = sourcecode.swift; path = MetalStates.swift; sourceTree = "<group>"; };
		2B32992024FE3D02007C3386 /* Shader.swift */ = {isa = PBXFileReference; lastKnownFileType = sourcecode.swift; path = Shader.swift; sourceTree = "<group>"; };
		2B32992324FF21EC007C3386 /* ShaderCompiler.swift */ = {isa = PBXFileReference; lastKnownFileType = sourcecode.swift; path = ShaderCompiler.swift; sourceTree = "<group>"; };
		2B32992624FF91E1007C3386 /* HelpView.swift */ = {isa = PBXFileReference; lastKnownFileType = sourcecode.swift; path = HelpView.swift; sourceTree = "<group>"; };
		2B3299402501B5DB007C3386 /* Square.tiff */ = {isa = PBXFileReference; lastKnownFileType = image.tiff; path = Square.tiff; sourceTree = "<group>"; };
		2B3299412501B5DB007C3386 /* OpenSans.json */ = {isa = PBXFileReference; fileEncoding = 4; lastKnownFileType = text.json; path = OpenSans.json; sourceTree = "<group>"; };
		2B3299422501B5DB007C3386 /* SourceCodePro.tiff */ = {isa = PBXFileReference; lastKnownFileType = image.tiff; path = SourceCodePro.tiff; sourceTree = "<group>"; };
		2B3299432501B5DB007C3386 /* SourceCodePro.json */ = {isa = PBXFileReference; fileEncoding = 4; lastKnownFileType = text.json; path = SourceCodePro.json; sourceTree = "<group>"; };
		2B3299442501B5DC007C3386 /* OpenSans.tiff */ = {isa = PBXFileReference; lastKnownFileType = image.tiff; path = OpenSans.tiff; sourceTree = "<group>"; };
		2B3299452501B5DC007C3386 /* Square.json */ = {isa = PBXFileReference; fileEncoding = 4; lastKnownFileType = text.json; path = Square.json; sourceTree = "<group>"; };
		2B3299582501B6F3007C3386 /* Font.swift */ = {isa = PBXFileReference; lastKnownFileType = sourcecode.swift; path = Font.swift; sourceTree = "<group>"; };
		2B6D0B592509EEE80098F244 /* MapPreview.swift */ = {isa = PBXFileReference; lastKnownFileType = sourcecode.swift; path = MapPreview.swift; sourceTree = "<group>"; };
		2BEFCF8E250473B1003C00B0 /* MapBuilder.swift */ = {isa = PBXFileReference; lastKnownFileType = sourcecode.swift; path = MapBuilder.swift; sourceTree = "<group>"; };
		2BFC028A2505EDA500AB489E /* Map.swift */ = {isa = PBXFileReference; lastKnownFileType = sourcecode.swift; path = Map.swift; sourceTree = "<group>"; };
/* End PBXFileReference section */

/* Begin PBXFrameworksBuildPhase section */
		2B01C85A24FB814C00E86449 /* Frameworks */ = {
			isa = PBXFrameworksBuildPhase;
			buildActionMask = 2147483647;
			files = (
			);
			runOnlyForDeploymentPostprocessing = 0;
		};
		2B01C86224FB814C00E86449 /* Frameworks */ = {
			isa = PBXFrameworksBuildPhase;
			buildActionMask = 2147483647;
			files = (
			);
			runOnlyForDeploymentPostprocessing = 0;
		};
/* End PBXFrameworksBuildPhase section */

/* Begin PBXGroup section */
		2B01C84F24FB814900E86449 = {
			isa = PBXGroup;
			children = (
				2B01C85424FB814900E86449 /* Shared */,
				2B01C85F24FB814C00E86449 /* iOS */,
				2B01C86624FB814C00E86449 /* macOS */,
				2B01C85E24FB814C00E86449 /* Products */,
			);
			sourceTree = "<group>";
		};
		2B01C85424FB814900E86449 /* Shared */ = {
			isa = PBXGroup;
			children = (
				2B01C85524FB814900E86449 /* DenrimApp.swift */,
				2B01C85624FB814900E86449 /* DenrimDocument.swift */,
				2B01C85724FB814900E86449 /* ContentView.swift */,
				2B01C87F24FB824900E86449 /* Asset.swift */,
				2B01C87E24FB824900E86449 /* Game.swift */,
				2B01C88024FB824900E86449 /* JSBridge.swift */,
				2B01C87924FB824900E86449 /* MathLibrary.swift */,
				2B01C89B24FB844C00E86449 /* MetalView.swift */,
				2B01C89E24FB8C7500E86449 /* MetalStates.swift */,
				2B01C87A24FB824900E86449 /* Metal.metal */,
				2B01C88224FB824A00E86449 /* Metal.h */,
				2B01C87D24FB824900E86449 /* ScriptEditor.swift */,
				2B32992624FF91E1007C3386 /* HelpView.swift */,
				2B01C87C24FB824900E86449 /* Utils.swift */,
				2BEFCF8E250473B1003C00B0 /* MapBuilder.swift */,
				2B6D0B592509EEE80098F244 /* MapPreview.swift */,
				2B32992324FF21EC007C3386 /* ShaderCompiler.swift */,
				2B32993F2501B592007C3386 /* Fonts */,
				2B32991F24FE3CC2007C3386 /* Classes */,
				2B01C88124FB824A00E86449 /* Resources */,
				2B01C85824FB814C00E86449 /* Assets.xcassets */,
			);
			path = Shared;
			sourceTree = "<group>";
		};
		2B01C85E24FB814C00E86449 /* Products */ = {
			isa = PBXGroup;
			children = (
				2B01C85D24FB814C00E86449 /* Denrim.app */,
				2B01C86524FB814C00E86449 /* Denrim.app */,
			);
			name = Products;
			sourceTree = "<group>";
		};
		2B01C85F24FB814C00E86449 /* iOS */ = {
			isa = PBXGroup;
			children = (
				2B01C86024FB814C00E86449 /* Info.plist */,
			);
			path = iOS;
			sourceTree = "<group>";
		};
		2B01C86624FB814C00E86449 /* macOS */ = {
			isa = PBXGroup;
			children = (
				2B01C86724FB814C00E86449 /* Info.plist */,
				2B01C86824FB814C00E86449 /* macOS.entitlements */,
			);
			path = macOS;
			sourceTree = "<group>";
		};
		2B32991F24FE3CC2007C3386 /* Classes */ = {
			isa = PBXGroup;
			children = (
				2B01C88324FB824A00E86449 /* Classes.swift */,
				2B32992024FE3D02007C3386 /* Shader.swift */,
				2B01C88424FB824A00E86449 /* System.swift */,
				2B01C87B24FB824900E86449 /* Texture2D.swift */,
				2B3299582501B6F3007C3386 /* Font.swift */,
				2BFC028A2505EDA500AB489E /* Map.swift */,
			);
			path = Classes;
			sourceTree = "<group>";
		};
		2B32993F2501B592007C3386 /* Fonts */ = {
			isa = PBXGroup;
			children = (
				2B3299412501B5DB007C3386 /* OpenSans.json */,
				2B3299442501B5DC007C3386 /* OpenSans.tiff */,
				2B3299432501B5DB007C3386 /* SourceCodePro.json */,
				2B3299422501B5DB007C3386 /* SourceCodePro.tiff */,
				2B3299452501B5DC007C3386 /* Square.json */,
				2B3299402501B5DB007C3386 /* Square.tiff */,
			);
			path = Fonts;
			sourceTree = "<group>";
		};
/* End PBXGroup section */

/* Begin PBXNativeTarget section */
		2B01C85C24FB814C00E86449 /* Denrim (iOS) */ = {
			isa = PBXNativeTarget;
			buildConfigurationList = 2B01C87324FB814C00E86449 /* Build configuration list for PBXNativeTarget "Denrim (iOS)" */;
			buildPhases = (
				2B01C85924FB814C00E86449 /* Sources */,
				2B01C85A24FB814C00E86449 /* Frameworks */,
				2B01C85B24FB814C00E86449 /* Resources */,
			);
			buildRules = (
			);
			dependencies = (
			);
			name = "Denrim (iOS)";
			productName = "Denrim (iOS)";
			productReference = 2B01C85D24FB814C00E86449 /* Denrim.app */;
			productType = "com.apple.product-type.application";
		};
		2B01C86424FB814C00E86449 /* Denrim (macOS) */ = {
			isa = PBXNativeTarget;
			buildConfigurationList = 2B01C87624FB814C00E86449 /* Build configuration list for PBXNativeTarget "Denrim (macOS)" */;
			buildPhases = (
				2B01C86124FB814C00E86449 /* Sources */,
				2B01C86224FB814C00E86449 /* Frameworks */,
				2B01C86324FB814C00E86449 /* Resources */,
			);
			buildRules = (
			);
			dependencies = (
			);
			name = "Denrim (macOS)";
			packageProductDependencies = (
			);
			productName = "Denrim (macOS)";
			productReference = 2B01C86524FB814C00E86449 /* Denrim.app */;
			productType = "com.apple.product-type.application";
		};
/* End PBXNativeTarget section */

/* Begin PBXProject section */
		2B01C85024FB814900E86449 /* Project object */ = {
			isa = PBXProject;
			attributes = {
				LastSwiftUpdateCheck = 1200;
				LastUpgradeCheck = 1200;
				TargetAttributes = {
					2B01C85C24FB814C00E86449 = {
						CreatedOnToolsVersion = 12.0;
					};
					2B01C86424FB814C00E86449 = {
						CreatedOnToolsVersion = 12.0;
					};
				};
			};
			buildConfigurationList = 2B01C85324FB814900E86449 /* Build configuration list for PBXProject "Denrim" */;
			compatibilityVersion = "Xcode 9.3";
			developmentRegion = en;
			hasScannedForEncodings = 0;
			knownRegions = (
				en,
				Base,
			);
			mainGroup = 2B01C84F24FB814900E86449;
			packageReferences = (
			);
			productRefGroup = 2B01C85E24FB814C00E86449 /* Products */;
			projectDirPath = "";
			projectRoot = "";
			targets = (
				2B01C86424FB814C00E86449 /* Denrim (macOS) */,
				2B01C85C24FB814C00E86449 /* Denrim (iOS) */,
			);
		};
/* End PBXProject section */

/* Begin PBXResourcesBuildPhase section */
		2B01C85B24FB814C00E86449 /* Resources */ = {
			isa = PBXResourcesBuildPhase;
			buildActionMask = 2147483647;
			files = (
				2B32994B2501B5DC007C3386 /* OpenSans.json in Resources */,
				2B3299512501B5DC007C3386 /* OpenSans.tiff in Resources */,
				2B01C89524FB824A00E86449 /* Resources in Resources */,
				2B01C86F24FB814C00E86449 /* Assets.xcassets in Resources */,
				2B3299532501B5DC007C3386 /* Square.json in Resources */,
				2B3299492501B5DC007C3386 /* Square.tiff in Resources */,
				2B32994D2501B5DC007C3386 /* SourceCodePro.tiff in Resources */,
				2B32994F2501B5DC007C3386 /* SourceCodePro.json in Resources */,
			);
			runOnlyForDeploymentPostprocessing = 0;
		};
		2B01C86324FB814C00E86449 /* Resources */ = {
			isa = PBXResourcesBuildPhase;
			buildActionMask = 2147483647;
			files = (
				2B32994A2501B5DC007C3386 /* OpenSans.json in Resources */,
				2B3299502501B5DC007C3386 /* OpenSans.tiff in Resources */,
				2B01C89624FB824A00E86449 /* Resources in Resources */,
				2B01C87024FB814C00E86449 /* Assets.xcassets in Resources */,
				2B3299522501B5DC007C3386 /* Square.json in Resources */,
				2B3299482501B5DC007C3386 /* Square.tiff in Resources */,
				2B32994C2501B5DC007C3386 /* SourceCodePro.tiff in Resources */,
				2B32994E2501B5DC007C3386 /* SourceCodePro.json in Resources */,
			);
			runOnlyForDeploymentPostprocessing = 0;
		};
/* End PBXResourcesBuildPhase section */

/* Begin PBXSourcesBuildPhase section */
		2B01C85924FB814C00E86449 /* Sources */ = {
			isa = PBXSourcesBuildPhase;
			buildActionMask = 2147483647;
			files = (
				2B01C86924FB814C00E86449 /* DenrimApp.swift in Sources */,
				2B01C88F24FB824A00E86449 /* Game.swift in Sources */,
				2B01C89924FB824A00E86449 /* System.swift in Sources */,
				2B01C8A024FB8C7500E86449 /* MetalStates.swift in Sources */,
				2B32995A2501B6F3007C3386 /* Font.swift in Sources */,
				2B01C89724FB824A00E86449 /* Classes.swift in Sources */,
				2B01C89124FB824A00E86449 /* Asset.swift in Sources */,
				2B32992224FE3D02007C3386 /* Shader.swift in Sources */,
				2B01C88D24FB824A00E86449 /* ScriptEditor.swift in Sources */,
				2B01C88924FB824A00E86449 /* Texture2D.swift in Sources */,
				2BFC028C2505EDA500AB489E /* Map.swift in Sources */,
				2B32992524FF21EC007C3386 /* ShaderCompiler.swift in Sources */,
				2B01C88724FB824A00E86449 /* Metal.metal in Sources */,
				2BEFCF90250473B1003C00B0 /* MapBuilder.swift in Sources */,
				2B01C89C24FB844C00E86449 /* MetalView.swift in Sources */,
				2B01C88B24FB824A00E86449 /* Utils.swift in Sources */,
				2B32992824FF9345007C3386 /* HelpView.swift in Sources */,
				2B01C86B24FB814C00E86449 /* DenrimDocument.swift in Sources */,
				2B01C86D24FB814C00E86449 /* ContentView.swift in Sources */,
				2B6D0B5B2509EEE80098F244 /* MapPreview.swift in Sources */,
				2B01C89324FB824A00E86449 /* JSBridge.swift in Sources */,
				2B01C88524FB824A00E86449 /* MathLibrary.swift in Sources */,
			);
			runOnlyForDeploymentPostprocessing = 0;
		};
		2B01C86124FB814C00E86449 /* Sources */ = {
			isa = PBXSourcesBuildPhase;
			buildActionMask = 2147483647;
			files = (
				2B01C86A24FB814C00E86449 /* DenrimApp.swift in Sources */,
				2B01C89024FB824A00E86449 /* Game.swift in Sources */,
				2B01C89A24FB824A00E86449 /* System.swift in Sources */,
				2B01C89F24FB8C7500E86449 /* MetalStates.swift in Sources */,
				2B3299592501B6F3007C3386 /* Font.swift in Sources */,
				2B01C89824FB824A00E86449 /* Classes.swift in Sources */,
				2B01C89224FB824A00E86449 /* Asset.swift in Sources */,
				2B32992124FE3D02007C3386 /* Shader.swift in Sources */,
				2B01C88E24FB824A00E86449 /* ScriptEditor.swift in Sources */,
				2B01C88A24FB824A00E86449 /* Texture2D.swift in Sources */,
				2BFC028B2505EDA500AB489E /* Map.swift in Sources */,
				2B32992424FF21EC007C3386 /* ShaderCompiler.swift in Sources */,
				2B01C88824FB824A00E86449 /* Metal.metal in Sources */,
				2BEFCF8F250473B1003C00B0 /* MapBuilder.swift in Sources */,
				2B01C89D24FB844C00E86449 /* MetalView.swift in Sources */,
				2B01C88C24FB824A00E86449 /* Utils.swift in Sources */,
				2B32992724FF9344007C3386 /* HelpView.swift in Sources */,
				2B01C86C24FB814C00E86449 /* DenrimDocument.swift in Sources */,
				2B01C86E24FB814C00E86449 /* ContentView.swift in Sources */,
				2B6D0B5A2509EEE80098F244 /* MapPreview.swift in Sources */,
				2B01C89424FB824A00E86449 /* JSBridge.swift in Sources */,
				2B01C88624FB824A00E86449 /* MathLibrary.swift in Sources */,
			);
			runOnlyForDeploymentPostprocessing = 0;
		};
/* End PBXSourcesBuildPhase section */

/* Begin XCBuildConfiguration section */
		2B01C87124FB814C00E86449 /* Debug */ = {
			isa = XCBuildConfiguration;
			buildSettings = {
				ALWAYS_SEARCH_USER_PATHS = NO;
				CLANG_ANALYZER_NONNULL = YES;
				CLANG_ANALYZER_NUMBER_OBJECT_CONVERSION = YES_AGGRESSIVE;
				CLANG_CXX_LANGUAGE_STANDARD = "gnu++14";
				CLANG_CXX_LIBRARY = "libc++";
				CLANG_ENABLE_MODULES = YES;
				CLANG_ENABLE_OBJC_ARC = YES;
				CLANG_ENABLE_OBJC_WEAK = YES;
				CLANG_WARN_BLOCK_CAPTURE_AUTORELEASING = YES;
				CLANG_WARN_BOOL_CONVERSION = YES;
				CLANG_WARN_COMMA = YES;
				CLANG_WARN_CONSTANT_CONVERSION = YES;
				CLANG_WARN_DEPRECATED_OBJC_IMPLEMENTATIONS = YES;
				CLANG_WARN_DIRECT_OBJC_ISA_USAGE = YES_ERROR;
				CLANG_WARN_DOCUMENTATION_COMMENTS = YES;
				CLANG_WARN_EMPTY_BODY = YES;
				CLANG_WARN_ENUM_CONVERSION = YES;
				CLANG_WARN_INFINITE_RECURSION = YES;
				CLANG_WARN_INT_CONVERSION = YES;
				CLANG_WARN_NON_LITERAL_NULL_CONVERSION = YES;
				CLANG_WARN_OBJC_IMPLICIT_RETAIN_SELF = YES;
				CLANG_WARN_OBJC_LITERAL_CONVERSION = YES;
				CLANG_WARN_OBJC_ROOT_CLASS = YES_ERROR;
				CLANG_WARN_QUOTED_INCLUDE_IN_FRAMEWORK_HEADER = YES;
				CLANG_WARN_RANGE_LOOP_ANALYSIS = YES;
				CLANG_WARN_STRICT_PROTOTYPES = YES;
				CLANG_WARN_SUSPICIOUS_MOVE = YES;
				CLANG_WARN_UNGUARDED_AVAILABILITY = YES_AGGRESSIVE;
				CLANG_WARN_UNREACHABLE_CODE = YES;
				CLANG_WARN__DUPLICATE_METHOD_MATCH = YES;
				COPY_PHASE_STRIP = NO;
				DEBUG_INFORMATION_FORMAT = dwarf;
				ENABLE_STRICT_OBJC_MSGSEND = YES;
				ENABLE_TESTABILITY = YES;
				GCC_C_LANGUAGE_STANDARD = gnu11;
				GCC_DYNAMIC_NO_PIC = NO;
				GCC_NO_COMMON_BLOCKS = YES;
				GCC_OPTIMIZATION_LEVEL = 0;
				GCC_PREPROCESSOR_DEFINITIONS = (
					"DEBUG=1",
					"$(inherited)",
				);
				GCC_WARN_64_TO_32_BIT_CONVERSION = YES;
				GCC_WARN_ABOUT_RETURN_TYPE = YES_ERROR;
				GCC_WARN_UNDECLARED_SELECTOR = YES;
				GCC_WARN_UNINITIALIZED_AUTOS = YES_AGGRESSIVE;
				GCC_WARN_UNUSED_FUNCTION = YES;
				GCC_WARN_UNUSED_VARIABLE = YES;
				MTL_ENABLE_DEBUG_INFO = INCLUDE_SOURCE;
				MTL_FAST_MATH = YES;
				ONLY_ACTIVE_ARCH = YES;
				SWIFT_ACTIVE_COMPILATION_CONDITIONS = DEBUG;
				SWIFT_OPTIMIZATION_LEVEL = "-Onone";
			};
			name = Debug;
		};
		2B01C87224FB814C00E86449 /* Release */ = {
			isa = XCBuildConfiguration;
			buildSettings = {
				ALWAYS_SEARCH_USER_PATHS = NO;
				CLANG_ANALYZER_NONNULL = YES;
				CLANG_ANALYZER_NUMBER_OBJECT_CONVERSION = YES_AGGRESSIVE;
				CLANG_CXX_LANGUAGE_STANDARD = "gnu++14";
				CLANG_CXX_LIBRARY = "libc++";
				CLANG_ENABLE_MODULES = YES;
				CLANG_ENABLE_OBJC_ARC = YES;
				CLANG_ENABLE_OBJC_WEAK = YES;
				CLANG_WARN_BLOCK_CAPTURE_AUTORELEASING = YES;
				CLANG_WARN_BOOL_CONVERSION = YES;
				CLANG_WARN_COMMA = YES;
				CLANG_WARN_CONSTANT_CONVERSION = YES;
				CLANG_WARN_DEPRECATED_OBJC_IMPLEMENTATIONS = YES;
				CLANG_WARN_DIRECT_OBJC_ISA_USAGE = YES_ERROR;
				CLANG_WARN_DOCUMENTATION_COMMENTS = YES;
				CLANG_WARN_EMPTY_BODY = YES;
				CLANG_WARN_ENUM_CONVERSION = YES;
				CLANG_WARN_INFINITE_RECURSION = YES;
				CLANG_WARN_INT_CONVERSION = YES;
				CLANG_WARN_NON_LITERAL_NULL_CONVERSION = YES;
				CLANG_WARN_OBJC_IMPLICIT_RETAIN_SELF = YES;
				CLANG_WARN_OBJC_LITERAL_CONVERSION = YES;
				CLANG_WARN_OBJC_ROOT_CLASS = YES_ERROR;
				CLANG_WARN_QUOTED_INCLUDE_IN_FRAMEWORK_HEADER = YES;
				CLANG_WARN_RANGE_LOOP_ANALYSIS = YES;
				CLANG_WARN_STRICT_PROTOTYPES = YES;
				CLANG_WARN_SUSPICIOUS_MOVE = YES;
				CLANG_WARN_UNGUARDED_AVAILABILITY = YES_AGGRESSIVE;
				CLANG_WARN_UNREACHABLE_CODE = YES;
				CLANG_WARN__DUPLICATE_METHOD_MATCH = YES;
				COPY_PHASE_STRIP = NO;
				DEBUG_INFORMATION_FORMAT = "dwarf-with-dsym";
				ENABLE_NS_ASSERTIONS = NO;
				ENABLE_STRICT_OBJC_MSGSEND = YES;
				GCC_C_LANGUAGE_STANDARD = gnu11;
				GCC_NO_COMMON_BLOCKS = YES;
				GCC_WARN_64_TO_32_BIT_CONVERSION = YES;
				GCC_WARN_ABOUT_RETURN_TYPE = YES_ERROR;
				GCC_WARN_UNDECLARED_SELECTOR = YES;
				GCC_WARN_UNINITIALIZED_AUTOS = YES_AGGRESSIVE;
				GCC_WARN_UNUSED_FUNCTION = YES;
				GCC_WARN_UNUSED_VARIABLE = YES;
				MTL_ENABLE_DEBUG_INFO = NO;
				MTL_FAST_MATH = YES;
				SWIFT_COMPILATION_MODE = wholemodule;
				SWIFT_OPTIMIZATION_LEVEL = "-O";
			};
			name = Release;
		};
		2B01C87424FB814C00E86449 /* Debug */ = {
			isa = XCBuildConfiguration;
			buildSettings = {
				ASSETCATALOG_COMPILER_APPICON_NAME = AppIcon;
				ASSETCATALOG_COMPILER_GLOBAL_ACCENT_COLOR_NAME = AccentColor;
				CODE_SIGN_IDENTITY = "Apple Development";
				CODE_SIGN_STYLE = Automatic;
				DEVELOPMENT_TEAM = G6R6L3VH62;
				ENABLE_HARDENED_RUNTIME = NO;
				ENABLE_PREVIEWS = YES;
				INFOPLIST_FILE = iOS/Info.plist;
				IPHONEOS_DEPLOYMENT_TARGET = 14.0;
				LD_RUNPATH_SEARCH_PATHS = (
					"$(inherited)",
					"@executable_path/Frameworks",
				);
				PRODUCT_BUNDLE_IDENTIFIER = com.moenig.Denrim;
				PRODUCT_NAME = Denrim;
				PROVISIONING_PROFILE_SPECIFIER = "";
				SDKROOT = iphoneos;
				SWIFT_OBJC_BRIDGING_HEADER = Shared/Metal.h;
				SWIFT_VERSION = 5.0;
				TARGETED_DEVICE_FAMILY = 2;
			};
			name = Debug;
		};
		2B01C87524FB814C00E86449 /* Release */ = {
			isa = XCBuildConfiguration;
			buildSettings = {
				ASSETCATALOG_COMPILER_APPICON_NAME = AppIcon;
				ASSETCATALOG_COMPILER_GLOBAL_ACCENT_COLOR_NAME = AccentColor;
				CODE_SIGN_IDENTITY = "Apple Development";
				CODE_SIGN_STYLE = Automatic;
				DEVELOPMENT_TEAM = G6R6L3VH62;
				ENABLE_HARDENED_RUNTIME = NO;
				ENABLE_PREVIEWS = YES;
				INFOPLIST_FILE = iOS/Info.plist;
				IPHONEOS_DEPLOYMENT_TARGET = 14.0;
				LD_RUNPATH_SEARCH_PATHS = (
					"$(inherited)",
					"@executable_path/Frameworks",
				);
				PRODUCT_BUNDLE_IDENTIFIER = com.moenig.Denrim;
				PRODUCT_NAME = Denrim;
				PROVISIONING_PROFILE_SPECIFIER = "";
				SDKROOT = iphoneos;
				SWIFT_OBJC_BRIDGING_HEADER = Shared/Metal.h;
				SWIFT_VERSION = 5.0;
				TARGETED_DEVICE_FAMILY = 2;
				VALIDATE_PRODUCT = YES;
			};
			name = Release;
		};
		2B01C87724FB814C00E86449 /* Debug */ = {
			isa = XCBuildConfiguration;
			buildSettings = {
				ASSETCATALOG_COMPILER_APPICON_NAME = AppIcon;
				ASSETCATALOG_COMPILER_GLOBAL_ACCENT_COLOR_NAME = AccentColor;
				CODE_SIGN_ENTITLEMENTS = macOS/macOS.entitlements;
				CODE_SIGN_STYLE = Automatic;
				COMBINE_HIDPI_IMAGES = YES;
				DEVELOPMENT_TEAM = G6R6L3VH62;
				ENABLE_HARDENED_RUNTIME = YES;
				ENABLE_PREVIEWS = YES;
				INFOPLIST_FILE = macOS/Info.plist;
				LD_RUNPATH_SEARCH_PATHS = (
					"$(inherited)",
					"@executable_path/../Frameworks",
				);
				MACOSX_DEPLOYMENT_TARGET = 11.0;
				PRODUCT_BUNDLE_IDENTIFIER = com.moenig.Denrim;
				PRODUCT_NAME = Denrim;
				SDKROOT = macosx;
				SWIFT_OBJC_BRIDGING_HEADER = Shared/Metal.h;
				SWIFT_VERSION = 5.0;
			};
			name = Debug;
		};
		2B01C87824FB814C00E86449 /* Release */ = {
			isa = XCBuildConfiguration;
			buildSettings = {
				ASSETCATALOG_COMPILER_APPICON_NAME = AppIcon;
				ASSETCATALOG_COMPILER_GLOBAL_ACCENT_COLOR_NAME = AccentColor;
				CODE_SIGN_ENTITLEMENTS = macOS/macOS.entitlements;
				CODE_SIGN_STYLE = Automatic;
				COMBINE_HIDPI_IMAGES = YES;
				DEVELOPMENT_TEAM = G6R6L3VH62;
				ENABLE_HARDENED_RUNTIME = YES;
				ENABLE_PREVIEWS = YES;
				INFOPLIST_FILE = macOS/Info.plist;
				LD_RUNPATH_SEARCH_PATHS = (
					"$(inherited)",
					"@executable_path/../Frameworks",
				);
				MACOSX_DEPLOYMENT_TARGET = 11.0;
				PRODUCT_BUNDLE_IDENTIFIER = com.moenig.Denrim;
				PRODUCT_NAME = Denrim;
				SDKROOT = macosx;
				SWIFT_OBJC_BRIDGING_HEADER = Shared/Metal.h;
				SWIFT_VERSION = 5.0;
			};
			name = Release;
		};
/* End XCBuildConfiguration section */

/* Begin XCConfigurationList section */
		2B01C85324FB814900E86449 /* Build configuration list for PBXProject "Denrim" */ = {
			isa = XCConfigurationList;
			buildConfigurations = (
				2B01C87124FB814C00E86449 /* Debug */,
				2B01C87224FB814C00E86449 /* Release */,
			);
			defaultConfigurationIsVisible = 0;
			defaultConfigurationName = Release;
		};
		2B01C87324FB814C00E86449 /* Build configuration list for PBXNativeTarget "Denrim (iOS)" */ = {
			isa = XCConfigurationList;
			buildConfigurations = (
				2B01C87424FB814C00E86449 /* Debug */,
				2B01C87524FB814C00E86449 /* Release */,
			);
			defaultConfigurationIsVisible = 0;
			defaultConfigurationName = Release;
		};
		2B01C87624FB814C00E86449 /* Build configuration list for PBXNativeTarget "Denrim (macOS)" */ = {
			isa = XCConfigurationList;
			buildConfigurations = (
				2B01C87724FB814C00E86449 /* Debug */,
				2B01C87824FB814C00E86449 /* Release */,
			);
			defaultConfigurationIsVisible = 0;
			defaultConfigurationName = Release;
		};
/* End XCConfigurationList section */
	};
	rootObject = 2B01C85024FB814900E86449 /* Project object */;
}
